[root]
name = "rust-jwt"
version = "0.1.0"
dependencies = [
 "rust-crypto 0.1.1 (registry+https://github.com/rust-lang/crates.io-index)",
 "time 0.0.3 (git+https://github.com/rust-lang/time)",
]

[[package]]
name = "gcc"
version = "0.0.2"
source = "git+https://github.com/alexcrichton/gcc-rs#903e8f8a2e3766ad3d514404d452dbaa1d3b2d79"

[[package]]
name = "gcc"
version = "0.0.2"
source = "registry+https://github.com/rust-lang/crates.io-index"

[[package]]
name = "rust-crypto"
version = "0.1.1"
source = "registry+https://github.com/rust-lang/crates.io-index"
dependencies = [
 "time 0.0.3 (registry+https://github.com/rust-lang/crates.io-index)",
]

[[package]]
name = "time"
version = "0.0.3"
source = "git+https://github.com/rust-lang/time#533d3823dbe200aaa2a2599176a6b30579581232"
dependencies = [
 "gcc 0.0.2 (git+https://github.com/alexcrichton/gcc-rs)",
]

[[package]]
name = "time"
version = "0.0.3"
source = "registry+https://github.com/rust-lang/crates.io-index"
dependencies = [
 "gcc 0.0.2 (registry+https://github.com/rust-lang/crates.io-index)",
]

